// !$*UTF8*$!
{
	archiveVersion = 1;
	classes = {
	};
	objectVersion = 56;
	objects = {

/* Begin PBXBuildFile section */
		15386FC72CB64BA900652FA0 /* main.swift in Sources */ = {isa = PBXBuildFile; fileRef = 15386FC62CB64BA900652FA0 /* main.swift */; };
		15386FD72CB64C2F00652FA0 /* SimilaritySearchKit in Frameworks */ = {isa = PBXBuildFile; productRef = 15386FD62CB64C2F00652FA0 /* SimilaritySearchKit */; };
		15386FD92CB64C2F00652FA0 /* SimilaritySearchKitMiniLMAll in Frameworks */ = {isa = PBXBuildFile; productRef = 15386FD82CB64C2F00652FA0 /* SimilaritySearchKitMiniLMAll */; };
		15386FDB2CB64C2F00652FA0 /* SimilaritySearchKitMiniLMMultiQA in Frameworks */ = {isa = PBXBuildFile; productRef = 15386FDA2CB64C2F00652FA0 /* SimilaritySearchKitMiniLMMultiQA */; };
/* End PBXBuildFile section */

/* Begin PBXCopyFilesBuildPhase section */
		15386FC12CB64BA900652FA0 /* CopyFiles */ = {
			isa = PBXCopyFilesBuildPhase;
			buildActionMask = 2147483647;
			dstPath = /usr/share/man/man1/;
			dstSubfolderSpec = 0;
			files = (
			);
			runOnlyForDeploymentPostprocessing = 1;
		};
/* End PBXCopyFilesBuildPhase section */

/* Begin PBXFileReference section */
		15386FC32CB64BA900652FA0 /* RAG_Test */ = {isa = PBXFileReference; explicitFileType = "compiled.mach-o.executable"; includeInIndex = 0; path = RAG_Test; sourceTree = BUILT_PRODUCTS_DIR; };
		15386FC62CB64BA900652FA0 /* main.swift */ = {isa = PBXFileReference; lastKnownFileType = sourcecode.swift; path = main.swift; sourceTree = "<group>"; };
/* End PBXFileReference section */

/* Begin PBXFrameworksBuildPhase section */
		15386FC02CB64BA900652FA0 /* Frameworks */ = {
			isa = PBXFrameworksBuildPhase;
			buildActionMask = 2147483647;
			files = (
				15386FDB2CB64C2F00652FA0 /* SimilaritySearchKitMiniLMMultiQA in Frameworks */,
				15386FD92CB64C2F00652FA0 /* SimilaritySearchKitMiniLMAll in Frameworks */,
				15386FD72CB64C2F00652FA0 /* SimilaritySearchKit in Frameworks */,
			);
			runOnlyForDeploymentPostprocessing = 0;
		};
/* End PBXFrameworksBuildPhase section */

/* Begin PBXGroup section */
		15386FBA2CB64BA900652FA0 = {
			isa = PBXGroup;
			children = (
				15386FC52CB64BA900652FA0 /* RAG_Test */,
				15386FC42CB64BA900652FA0 /* Products */,
			);
			sourceTree = "<group>";
		};
		15386FC42CB64BA900652FA0 /* Products */ = {
			isa = PBXGroup;
			children = (
				15386FC32CB64BA900652FA0 /* RAG_Test */,
			);
			name = Products;
			sourceTree = "<group>";
		};
		15386FC52CB64BA900652FA0 /* RAG_Test */ = {
			isa = PBXGroup;
			children = (
				15386FC62CB64BA900652FA0 /* main.swift */,
			);
			path = RAG_Test;
			sourceTree = "<group>";
		};
/* End PBXGroup section */

/* Begin PBXNativeTarget section */
		15386FC22CB64BA900652FA0 /* RAG_Test */ = {
			isa = PBXNativeTarget;
			buildConfigurationList = 15386FCA2CB64BA900652FA0 /* Build configuration list for PBXNativeTarget "RAG_Test" */;
			buildPhases = (
				15386FBF2CB64BA900652FA0 /* Sources */,
				15386FC02CB64BA900652FA0 /* Frameworks */,
				15386FC12CB64BA900652FA0 /* CopyFiles */,
			);
			buildRules = (
			);
			dependencies = (
			);
			name = RAG_Test;
			packageProductDependencies = (
				15386FD62CB64C2F00652FA0 /* SimilaritySearchKit */,
				15386FD82CB64C2F00652FA0 /* SimilaritySearchKitMiniLMAll */,
				15386FDA2CB64C2F00652FA0 /* SimilaritySearchKitMiniLMMultiQA */,
			);
			productName = RAG_Test;
			productReference = 15386FC32CB64BA900652FA0 /* RAG_Test */;
			productType = "com.apple.product-type.tool";
		};
/* End PBXNativeTarget section */

/* Begin PBXProject section */
		15386FBB2CB64BA900652FA0 /* Project object */ = {
			isa = PBXProject;
			attributes = {
				BuildIndependentTargetsInParallel = 1;
				LastSwiftUpdateCheck = 1540;
				LastUpgradeCheck = 1540;
				TargetAttributes = {
					15386FC22CB64BA900652FA0 = {
						CreatedOnToolsVersion = 15.4;
					};
				};
			};
			buildConfigurationList = 15386FBE2CB64BA900652FA0 /* Build configuration list for PBXProject "RAG_Test" */;
			compatibilityVersion = "Xcode 14.0";
			developmentRegion = en;
			hasScannedForEncodings = 0;
			knownRegions = (
				en,
				Base,
			);
			mainGroup = 15386FBA2CB64BA900652FA0;
			packageReferences = (
				15386FD52CB64C2F00652FA0 /* XCRemoteSwiftPackageReference "similarity-search-kit" */,
			);
			productRefGroup = 15386FC42CB64BA900652FA0 /* Products */;
			projectDirPath = "";
			projectRoot = "";
			targets = (
				15386FC22CB64BA900652FA0 /* RAG_Test */,
			);
		};
/* End PBXProject section */

/* Begin PBXSourcesBuildPhase section */
		15386FBF2CB64BA900652FA0 /* Sources */ = {
			isa = PBXSourcesBuildPhase;
			buildActionMask = 2147483647;
			files = (
				15386FC72CB64BA900652FA0 /* main.swift in Sources */,
			);
			runOnlyForDeploymentPostprocessing = 0;
		};
/* End PBXSourcesBuildPhase section */

/* Begin XCBuildConfiguration section */
		15386FC82CB64BA900652FA0 /* Debug */ = {
			isa = XCBuildConfiguration;
			buildSettings = {
				ALWAYS_SEARCH_USER_PATHS = NO;
				ASSETCATALOG_COMPILER_GENERATE_SWIFT_ASSET_SYMBOL_EXTENSIONS = YES;
				CLANG_ANALYZER_NONNULL = YES;
				CLANG_ANALYZER_NUMBER_OBJECT_CONVERSION = YES_AGGRESSIVE;
				CLANG_CXX_LANGUAGE_STANDARD = "gnu++20";
				CLANG_ENABLE_MODULES = YES;
				CLANG_ENABLE_OBJC_ARC = YES;
				CLANG_ENABLE_OBJC_WEAK = YES;
				CLANG_WARN_BLOCK_CAPTURE_AUTORELEASING = YES;
				CLANG_WARN_BOOL_CONVERSION = YES;
				CLANG_WARN_COMMA = YES;
				CLANG_WARN_CONSTANT_CONVERSION = YES;
				CLANG_WARN_DEPRECATED_OBJC_IMPLEMENTATIONS = YES;
				CLANG_WARN_DIRECT_OBJC_ISA_USAGE = YES_ERROR;
				CLANG_WARN_DOCUMENTATION_COMMENTS = YES;
				CLANG_WARN_EMPTY_BODY = YES;
				CLANG_WARN_ENUM_CONVERSION = YES;
				CLANG_WARN_INFINITE_RECURSION = YES;
				CLANG_WARN_INT_CONVERSION = YES;
				CLANG_WARN_NON_LITERAL_NULL_CONVERSION = YES;
				CLANG_WARN_OBJC_IMPLICIT_RETAIN_SELF = YES;
				CLANG_WARN_OBJC_LITERAL_CONVERSION = YES;
				CLANG_WARN_OBJC_ROOT_CLASS = YES_ERROR;
				CLANG_WARN_QUOTED_INCLUDE_IN_FRAMEWORK_HEADER = YES;
				CLANG_WARN_RANGE_LOOP_ANALYSIS = YES;
				CLANG_WARN_STRICT_PROTOTYPES = YES;
				CLANG_WARN_SUSPICIOUS_MOVE = YES;
				CLANG_WARN_UNGUARDED_AVAILABILITY = YES_AGGRESSIVE;
				CLANG_WARN_UNREACHABLE_CODE = YES;
				CLANG_WARN__DUPLICATE_METHOD_MATCH = YES;
				COPY_PHASE_STRIP = NO;
				DEBUG_INFORMATION_FORMAT = dwarf;
				ENABLE_STRICT_OBJC_MSGSEND = YES;
				ENABLE_TESTABILITY = YES;
				ENABLE_USER_SCRIPT_SANDBOXING = YES;
				GCC_C_LANGUAGE_STANDARD = gnu17;
				GCC_DYNAMIC_NO_PIC = NO;
				GCC_NO_COMMON_BLOCKS = YES;
				GCC_OPTIMIZATION_LEVEL = 0;
				GCC_PREPROCESSOR_DEFINITIONS = (
					"DEBUG=1",
					"$(inherited)",
				);
				GCC_WARN_64_TO_32_BIT_CONVERSION = YES;
				GCC_WARN_ABOUT_RETURN_TYPE = YES_ERROR;
				GCC_WARN_UNDECLARED_SELECTOR = YES;
				GCC_WARN_UNINITIALIZED_AUTOS = YES_AGGRESSIVE;
				GCC_WARN_UNUSED_FUNCTION = YES;
				GCC_WARN_UNUSED_VARIABLE = YES;
				LOCALIZATION_PREFERS_STRING_CATALOGS = YES;
				MACOSX_DEPLOYMENT_TARGET = 14.5;
				MTL_ENABLE_DEBUG_INFO = INCLUDE_SOURCE;
				MTL_FAST_MATH = YES;
				ONLY_ACTIVE_ARCH = YES;
				SDKROOT = macosx;
				SWIFT_ACTIVE_COMPILATION_CONDITIONS = "DEBUG $(inherited)";
				SWIFT_OPTIMIZATION_LEVEL = "-Onone";
			};
			name = Debug;
		};
		15386FC92CB64BA900652FA0 /* Release */ = {
			isa = XCBuildConfiguration;
			buildSettings = {
				ALWAYS_SEARCH_USER_PATHS = NO;
				ASSETCATALOG_COMPILER_GENERATE_SWIFT_ASSET_SYMBOL_EXTENSIONS = YES;
				CLANG_ANALYZER_NONNULL = YES;
				CLANG_ANALYZER_NUMBER_OBJECT_CONVERSION = YES_AGGRESSIVE;
				CLANG_CXX_LANGUAGE_STANDARD = "gnu++20";
				CLANG_ENABLE_MODULES = YES;
				CLANG_ENABLE_OBJC_ARC = YES;
				CLANG_ENABLE_OBJC_WEAK = YES;
				CLANG_WARN_BLOCK_CAPTURE_AUTORELEASING = YES;
				CLANG_WARN_BOOL_CONVERSION = YES;
				CLANG_WARN_COMMA = YES;
				CLANG_WARN_CONSTANT_CONVERSION = YES;
				CLANG_WARN_DEPRECATED_OBJC_IMPLEMENTATIONS = YES;
				CLANG_WARN_DIRECT_OBJC_ISA_USAGE = YES_ERROR;
				CLANG_WARN_DOCUMENTATION_COMMENTS = YES;
				CLANG_WARN_EMPTY_BODY = YES;
				CLANG_WARN_ENUM_CONVERSION = YES;
				CLANG_WARN_INFINITE_RECURSION = YES;
				CLANG_WARN_INT_CONVERSION = YES;
				CLANG_WARN_NON_LITERAL_NULL_CONVERSION = YES;
				CLANG_WARN_OBJC_IMPLICIT_RETAIN_SELF = YES;
				CLANG_WARN_OBJC_LITERAL_CONVERSION = YES;
				CLANG_WARN_OBJC_ROOT_CLASS = YES_ERROR;
				CLANG_WARN_QUOTED_INCLUDE_IN_FRAMEWORK_HEADER = YES;
				CLANG_WARN_RANGE_LOOP_ANALYSIS = YES;
				CLANG_WARN_STRICT_PROTOTYPES = YES;
				CLANG_WARN_SUSPICIOUS_MOVE = YES;
				CLANG_WARN_UNGUARDED_AVAILABILITY = YES_AGGRESSIVE;
				CLANG_WARN_UNREACHABLE_CODE = YES;
				CLANG_WARN__DUPLICATE_METHOD_MATCH = YES;
				COPY_PHASE_STRIP = NO;
				DEBUG_INFORMATION_FORMAT = "dwarf-with-dsym";
				ENABLE_NS_ASSERTIONS = NO;
				ENABLE_STRICT_OBJC_MSGSEND = YES;
				ENABLE_USER_SCRIPT_SANDBOXING = YES;
				GCC_C_LANGUAGE_STANDARD = gnu17;
				GCC_NO_COMMON_BLOCKS = YES;
				GCC_WARN_64_TO_32_BIT_CONVERSION = YES;
				GCC_WARN_ABOUT_RETURN_TYPE = YES_ERROR;
				GCC_WARN_UNDECLARED_SELECTOR = YES;
				GCC_WARN_UNINITIALIZED_AUTOS = YES_AGGRESSIVE;
				GCC_WARN_UNUSED_FUNCTION = YES;
				GCC_WARN_UNUSED_VARIABLE = YES;
				LOCALIZATION_PREFERS_STRING_CATALOGS = YES;
				MACOSX_DEPLOYMENT_TARGET = 14.5;
				MTL_ENABLE_DEBUG_INFO = NO;
				MTL_FAST_MATH = YES;
				SDKROOT = macosx;
				SWIFT_COMPILATION_MODE = wholemodule;
			};
			name = Release;
		};
		15386FCB2CB64BA900652FA0 /* Debug */ = {
			isa = XCBuildConfiguration;
			buildSettings = {
				CODE_SIGN_STYLE = Automatic;
				DEVELOPMENT_TEAM = C66ZA422A7;
				ENABLE_HARDENED_RUNTIME = YES;
				PRODUCT_NAME = "$(TARGET_NAME)";
				SWIFT_VERSION = 5.0;
			};
			name = Debug;
		};
		15386FCC2CB64BA900652FA0 /* Release */ = {
			isa = XCBuildConfiguration;
			buildSettings = {
				CODE_SIGN_STYLE = Automatic;
				DEVELOPMENT_TEAM = C66ZA422A7;
				ENABLE_HARDENED_RUNTIME = YES;
				PRODUCT_NAME = "$(TARGET_NAME)";
				SWIFT_VERSION = 5.0;
			};
			name = Release;
		};
/* End XCBuildConfiguration section */

/* Begin XCConfigurationList section */
		15386FBE2CB64BA900652FA0 /* Build configuration list for PBXProject "RAG_Test" */ = {
			isa = XCConfigurationList;
			buildConfigurations = (
				15386FC82CB64BA900652FA0 /* Debug */,
				15386FC92CB64BA900652FA0 /* Release */,
			);
			defaultConfigurationIsVisible = 0;
			defaultConfigurationName = Release;
		};
		15386FCA2CB64BA900652FA0 /* Build configuration list for PBXNativeTarget "RAG_Test" */ = {
			isa = XCConfigurationList;
			buildConfigurations = (
				15386FCB2CB64BA900652FA0 /* Debug */,
				15386FCC2CB64BA900652FA0 /* Release */,
			);
			defaultConfigurationIsVisible = 0;
			defaultConfigurationName = Release;
		};
/* End XCConfigurationList section */

/* Begin XCRemoteSwiftPackageReference section */
		15386FD52CB64C2F00652FA0 /* XCRemoteSwiftPackageReference "similarity-search-kit" */ = {
			isa = XCRemoteSwiftPackageReference;
			repositoryURL = "https://github.com/ZachNagengast/similarity-search-kit.git";
			requirement = {
				kind = upToNextMajorVersion;
				minimumVersion = 0.0.15;
			};
		};
/* End XCRemoteSwiftPackageReference section */

/* Begin XCSwiftPackageProductDependency section */
		15386FD62CB64C2F00652FA0 /* SimilaritySearchKit */ = {
			isa = XCSwiftPackageProductDependency;
			package = 15386FD52CB64C2F00652FA0 /* XCRemoteSwiftPackageReference "similarity-search-kit" */;
			productName = SimilaritySearchKit;
		};
		15386FD82CB64C2F00652FA0 /* SimilaritySearchKitMiniLMAll */ = {
			isa = XCSwiftPackageProductDependency;
			package = 15386FD52CB64C2F00652FA0 /* XCRemoteSwiftPackageReference "similarity-search-kit" */;
			productName = SimilaritySearchKitMiniLMAll;
		};
		15386FDA2CB64C2F00652FA0 /* SimilaritySearchKitMiniLMMultiQA */ = {
			isa = XCSwiftPackageProductDependency;
			package = 15386FD52CB64C2F00652FA0 /* XCRemoteSwiftPackageReference "similarity-search-kit" */;
			productName = SimilaritySearchKitMiniLMMultiQA;
		};
/* End XCSwiftPackageProductDependency section */
	};
	rootObject = 15386FBB2CB64BA900652FA0 /* Project object */;
}
