{
  "pins" : [
    {
      "identity" : "swifttokenizer",
      "kind" : "remoteSourceControl",
      "location" : "https://github.com/RayKitajima/SwiftTokenizer.git",
      "state" : {
        "revision" : "cc0279dd3bc3d55a73611ff528d132e5e868d73e",
        "version" : "1.0.0"
      }
    }
  ],
  "version" : 2
}
