// !$*UTF8*$!
{
	archiveVersion = 1;
	classes = {
	};
	objectVersion = 55;
	objects = {

/* Begin PBXBuildFile section */
		150CAD012A3CE7B30015CD66 /* GPTNeox.swift in Sources */ = {isa = PBXBuildFile; fileRef = 150CAD002A3CE7B30015CD66 /* GPTNeox.swift */; };
		150CAD022A3CE7B30015CD66 /* GPTNeox.swift in Sources */ = {isa = PBXBuildFile; fileRef = 150CAD002A3CE7B30015CD66 /* GPTNeox.swift */; };
		15141E162A6438AE0060E767 /* Starcoder.swift in Sources */ = {isa = PBXBuildFile; fileRef = 15141E152A6438AE0060E767 /* Starcoder.swift */; };
		15141E172A6438AE0060E767 /* Starcoder.swift in Sources */ = {isa = PBXBuildFile; fileRef = 15141E152A6438AE0060E767 /* Starcoder.swift */; };
		15141E5C2A651F8C0060E767 /* model_setting_templates in Resources */ = {isa = PBXBuildFile; fileRef = 15141E5B2A651F8C0060E767 /* model_setting_templates */; };
		15141E712A65799D0060E767 /* ModelSettingsTemplate.swift in Sources */ = {isa = PBXBuildFile; fileRef = 15141E702A65799D0060E767 /* ModelSettingsTemplate.swift */; };
		155FBB9F2A460566004DD5AE /* GPTBase.swift in Sources */ = {isa = PBXBuildFile; fileRef = 155FBB9E2A460566004DD5AE /* GPTBase.swift */; };
		155FBBA02A460566004DD5AE /* GPTBase.swift in Sources */ = {isa = PBXBuildFile; fileRef = 155FBB9E2A460566004DD5AE /* GPTBase.swift */; };
		155FBBA22A48B5C1004DD5AE /* Replit.swift in Sources */ = {isa = PBXBuildFile; fileRef = 155FBBA12A48B5C0004DD5AE /* Replit.swift */; };
		155FBBA32A48B5C1004DD5AE /* Replit.swift in Sources */ = {isa = PBXBuildFile; fileRef = 155FBBA12A48B5C0004DD5AE /* Replit.swift */; };
		1560D6172A2D1A3D00918330 /* AddChatView.swift in Sources */ = {isa = PBXBuildFile; fileRef = 1560D6162A2D1A3D00918330 /* AddChatView.swift */; };
		1560D61C2A2E142900918330 /* ExceptionCatcher.h in Sources */ = {isa = PBXBuildFile; fileRef = 1560D61B2A2E11E200918330 /* ExceptionCatcher.h */; };
		156A48D02A52B55B007DF519 /* SplitViews.swift in Sources */ = {isa = PBXBuildFile; fileRef = 156A48CF2A52B55B007DF519 /* SplitViews.swift */; };
		156A48D22A52B65C007DF519 /* Orientation_helper.swift in Sources */ = {isa = PBXBuildFile; fileRef = 156A48D12A52B65C007DF519 /* Orientation_helper.swift */; };
		159650ED2A49F8280007BE5C /* Accelerate.framework in Frameworks */ = {isa = PBXBuildFile; fileRef = E61E38F329B1F0BA00114C15 /* Accelerate.framework */; };
		159650F12A49F8400007BE5C /* MetalKit.framework in Frameworks */ = {isa = PBXBuildFile; fileRef = 159650EE2A49F8400007BE5C /* MetalKit.framework */; };
		159650F22A49F8400007BE5C /* MetalPerformanceShaders.framework in Frameworks */ = {isa = PBXBuildFile; fileRef = 159650EF2A49F8400007BE5C /* MetalPerformanceShaders.framework */; };
		159650F32A49F8400007BE5C /* Metal.framework in Frameworks */ = {isa = PBXBuildFile; fileRef = 159650F02A49F8400007BE5C /* Metal.framework */; };
		15A3EDC82A2121D90030AF5A /* SettingsView.swift in Sources */ = {isa = PBXBuildFile; fileRef = 15A3EDBE2A2121D90030AF5A /* SettingsView.swift */; };
		15A3EDC92A2121D90030AF5A /* SettingsItem.swift in Sources */ = {isa = PBXBuildFile; fileRef = 15A3EDBF2A2121D90030AF5A /* SettingsItem.swift */; };
		15A3EDCA2A2121D90030AF5A /* SettingsHeaderItem.swift in Sources */ = {isa = PBXBuildFile; fileRef = 15A3EDC02A2121D90030AF5A /* SettingsHeaderItem.swift */; };
		15A3EDCB2A2121D90030AF5A /* ModelsView.swift in Sources */ = {isa = PBXBuildFile; fileRef = 15A3EDC22A2121D90030AF5A /* ModelsView.swift */; };
		15A3EDCC2A2121D90030AF5A /* ContactItem.swift in Sources */ = {isa = PBXBuildFile; fileRef = 15A3EDC32A2121D90030AF5A /* ContactItem.swift */; };
		15A3EDCD2A2121D90030AF5A /* ChatListView.swift in Sources */ = {isa = PBXBuildFile; fileRef = 15A3EDC52A2121D90030AF5A /* ChatListView.swift */; };
		15A3EDCE2A2121D90030AF5A /* OnlineUserView.swift in Sources */ = {isa = PBXBuildFile; fileRef = 15A3EDC62A2121D90030AF5A /* OnlineUserView.swift */; };
		15A3EDCF2A2121D90030AF5A /* ChatItem.swift in Sources */ = {isa = PBXBuildFile; fileRef = 15A3EDC72A2121D90030AF5A /* ChatItem.swift */; };
		15A3EDD12A21266E0030AF5A /* SearchView.swift in Sources */ = {isa = PBXBuildFile; fileRef = 15A3EDD02A21266D0030AF5A /* SearchView.swift */; };
		15A3EDD62A223C9E0030AF5A /* llmfarm_core in Frameworks */ = {isa = PBXBuildFile; productRef = 15A3EDD52A223C9E0030AF5A /* llmfarm_core */; };
		15A3EDD82A223CB00030AF5A /* Accelerate.framework in Frameworks */ = {isa = PBXBuildFile; fileRef = 15A3EDD72A223CB00030AF5A /* Accelerate.framework */; };
		15A3EDDA2A223CDB0030AF5A /* llmfarm_core in Frameworks */ = {isa = PBXBuildFile; productRef = 15A3EDD92A223CDB0030AF5A /* llmfarm_core */; };
		15A47FFF2A40D2A300B72DC3 /* GPT2.swift in Sources */ = {isa = PBXBuildFile; fileRef = 15A47FFE2A40D2A300B72DC3 /* GPT2.swift */; };
		15A480002A40D2A300B72DC3 /* GPT2.swift in Sources */ = {isa = PBXBuildFile; fileRef = 15A47FFE2A40D2A300B72DC3 /* GPT2.swift */; };
		15B9D7422A4B55EA00276782 /* MetalPerformanceShaders.framework in Frameworks */ = {isa = PBXBuildFile; fileRef = 15B9D73F2A4B55E800276782 /* MetalPerformanceShaders.framework */; };
		15B9D7432A4B55EA00276782 /* Metal.framework in Frameworks */ = {isa = PBXBuildFile; fileRef = 15B9D7402A4B55E900276782 /* Metal.framework */; };
		15B9D7442A4B55EA00276782 /* MetalKit.framework in Frameworks */ = {isa = PBXBuildFile; fileRef = 15B9D7412A4B55E900276782 /* MetalKit.framework */; };
		15C00EEC2A6725010049246F /* metal in Resources */ = {isa = PBXBuildFile; fileRef = 15C00EEB2A6725000049246F /* metal */; };
		15E415D42A18A2980057A15E /* main.swift in Sources */ = {isa = PBXBuildFile; fileRef = 15E415D32A18A2980057A15E /* main.swift */; };
		15F2102C2A190D5B0021F414 /* Math.swift in Sources */ = {isa = PBXBuildFile; fileRef = 15F210142A190CF80021F414 /* Math.swift */; };
		15F2102D2A190D5B0021F414 /* Utils.swift in Sources */ = {isa = PBXBuildFile; fileRef = 15F210152A190CF80021F414 /* Utils.swift */; };
		15F2102E2A190D5B0021F414 /* ComputeGraph.swift in Sources */ = {isa = PBXBuildFile; fileRef = 15F210162A190CF80021F414 /* ComputeGraph.swift */; };
		15F2105A2A19193A0021F414 /* LLaMa.swift in Sources */ = {isa = PBXBuildFile; fileRef = 15F210502A1919390021F414 /* LLaMa.swift */; };
		15F2105C2A19193A0021F414 /* ArrayExt.swift in Sources */ = {isa = PBXBuildFile; fileRef = 15F210512A1919390021F414 /* ArrayExt.swift */; };
		15F2105E2A19193A0021F414 /* Model.swift in Sources */ = {isa = PBXBuildFile; fileRef = 15F210522A1919390021F414 /* Model.swift */; };
		15F210602A19193A0021F414 /* StringExt.swift in Sources */ = {isa = PBXBuildFile; fileRef = 15F210532A1919390021F414 /* StringExt.swift */; };
		15F210642A19193A0021F414 /* AI.swift in Sources */ = {isa = PBXBuildFile; fileRef = 15F210552A1919390021F414 /* AI.swift */; };
		15F210662A19193A0021F414 /* Tasker.swift in Sources */ = {isa = PBXBuildFile; fileRef = 15F210562A1919390021F414 /* Tasker.swift */; };
		15F210812A191B190021F414 /* LLMFarmApp.swift in Sources */ = {isa = PBXBuildFile; fileRef = 15F210802A191B190021F414 /* LLMFarmApp.swift */; };
		15F210852A191B1B0021F414 /* Assets.xcassets in Resources */ = {isa = PBXBuildFile; fileRef = 15F210842A191B1B0021F414 /* Assets.xcassets */; };
		15F210892A191B1B0021F414 /* Preview Assets.xcassets in Resources */ = {isa = PBXBuildFile; fileRef = 15F210882A191B1B0021F414 /* Preview Assets.xcassets */; };
		15F2108E2A191EE60021F414 /* ChatView.swift in Sources */ = {isa = PBXBuildFile; fileRef = 15F2108D2A191EE60021F414 /* ChatView.swift */; };
		15F210932A1920AA0021F414 /* MessageView.swift in Sources */ = {isa = PBXBuildFile; fileRef = 15F2108F2A1920AA0021F414 /* MessageView.swift */; };
		15F210942A1920AA0021F414 /* Message.swift in Sources */ = {isa = PBXBuildFile; fileRef = 15F210902A1920AA0021F414 /* Message.swift */; };
		15F210962A1920AA0021F414 /* AIChatModel.swift in Sources */ = {isa = PBXBuildFile; fileRef = 15F210922A1920AA0021F414 /* AIChatModel.swift */; };
		15F2109B2A1921E40021F414 /* AI.swift in Sources */ = {isa = PBXBuildFile; fileRef = 15F210552A1919390021F414 /* AI.swift */; };
		15F2109C2A1921E40021F414 /* ArrayExt.swift in Sources */ = {isa = PBXBuildFile; fileRef = 15F210512A1919390021F414 /* ArrayExt.swift */; };
		15F2109E2A1921E40021F414 /* LLaMa.swift in Sources */ = {isa = PBXBuildFile; fileRef = 15F210502A1919390021F414 /* LLaMa.swift */; };
		15F210A02A1921E40021F414 /* Model.swift in Sources */ = {isa = PBXBuildFile; fileRef = 15F210522A1919390021F414 /* Model.swift */; };
		15F210A12A1921E40021F414 /* StringExt.swift in Sources */ = {isa = PBXBuildFile; fileRef = 15F210532A1919390021F414 /* StringExt.swift */; };
		15F210A22A1921E40021F414 /* Tasker.swift in Sources */ = {isa = PBXBuildFile; fileRef = 15F210562A1919390021F414 /* Tasker.swift */; };
		15F210A32A1921E40021F414 /* Math.swift in Sources */ = {isa = PBXBuildFile; fileRef = 15F210142A190CF80021F414 /* Math.swift */; };
		15F210A42A1921E40021F414 /* Utils.swift in Sources */ = {isa = PBXBuildFile; fileRef = 15F210152A190CF80021F414 /* Utils.swift */; };
		15F210A52A1921E40021F414 /* ComputeGraph.swift in Sources */ = {isa = PBXBuildFile; fileRef = 15F210162A190CF80021F414 /* ComputeGraph.swift */; };
		15F210AA2A1A659B0021F414 /* FileHelper.swift in Sources */ = {isa = PBXBuildFile; fileRef = 15F210A92A1A659B0021F414 /* FileHelper.swift */; };
		15F210AD2A1A8B7A0021F414 /* LLMUser.swift in Sources */ = {isa = PBXBuildFile; fileRef = 15F210AC2A1A8B7A0021F414 /* LLMUser.swift */; };
		15F21BD02A7A818100CCC837 /* RWKV.swift in Sources */ = {isa = PBXBuildFile; fileRef = 15F21BCF2A7A818100CCC837 /* RWKV.swift */; };
		15F21BD12A7A818100CCC837 /* RWKV.swift in Sources */ = {isa = PBXBuildFile; fileRef = 15F21BCF2A7A818100CCC837 /* RWKV.swift */; };
		15F21BD82A7A939800CCC837 /* Tokenizer.swift in Sources */ = {isa = PBXBuildFile; fileRef = 15F21BD72A7A939800CCC837 /* Tokenizer.swift */; };
		15F21BD92A7A939800CCC837 /* Tokenizer.swift in Sources */ = {isa = PBXBuildFile; fileRef = 15F21BD72A7A939800CCC837 /* Tokenizer.swift */; };
		15F21BDB2A7A93A100CCC837 /* TokenizerConfig.swift in Sources */ = {isa = PBXBuildFile; fileRef = 15F21BDA2A7A93A100CCC837 /* TokenizerConfig.swift */; };
		15F21BDC2A7A93A100CCC837 /* TokenizerConfig.swift in Sources */ = {isa = PBXBuildFile; fileRef = 15F21BDA2A7A93A100CCC837 /* TokenizerConfig.swift */; };
		15F21BDE2A7A93A800CCC837 /* ByteEncoder.swift in Sources */ = {isa = PBXBuildFile; fileRef = 15F21BDD2A7A93A800CCC837 /* ByteEncoder.swift */; };
		15F21BDF2A7A93A800CCC837 /* ByteEncoder.swift in Sources */ = {isa = PBXBuildFile; fileRef = 15F21BDD2A7A93A800CCC837 /* ByteEncoder.swift */; };
		15F21BE12A7A93AE00CCC837 /* TokenizeUtils.swift in Sources */ = {isa = PBXBuildFile; fileRef = 15F21BE02A7A93AE00CCC837 /* TokenizeUtils.swift */; };
		15F21BE22A7A93AE00CCC837 /* TokenizeUtils.swift in Sources */ = {isa = PBXBuildFile; fileRef = 15F21BE02A7A93AE00CCC837 /* TokenizeUtils.swift */; };
/* End PBXBuildFile section */

/* Begin PBXCopyFilesBuildPhase section */
		15141E6B2A6577160060E767 /* Embed Frameworks */ = {
			isa = PBXCopyFilesBuildPhase;
			buildActionMask = 2147483647;
			dstPath = "";
			dstSubfolderSpec = 10;
			files = (
			);
			name = "Embed Frameworks";
			runOnlyForDeploymentPostprocessing = 0;
		};
		15E415CF2A18A2970057A15E /* CopyFiles */ = {
			isa = PBXCopyFilesBuildPhase;
			buildActionMask = 12;
			dstPath = usr/share/man/man1;
			dstSubfolderSpec = 7;
			files = (
			);
			runOnlyForDeploymentPostprocessing = 0;
		};
/* End PBXCopyFilesBuildPhase section */

/* Begin PBXFileReference section */
		150CAD002A3CE7B30015CD66 /* GPTNeox.swift */ = {isa = PBXFileReference; lastKnownFileType = sourcecode.swift; path = GPTNeox.swift; sourceTree = "<group>"; };
		15141E152A6438AE0060E767 /* Starcoder.swift */ = {isa = PBXFileReference; lastKnownFileType = sourcecode.swift; path = Starcoder.swift; sourceTree = "<group>"; };
		15141E362A6488A60060E767 /* Replit 3B.json */ = {isa = PBXFileReference; fileEncoding = 4; lastKnownFileType = text.json; path = "Replit 3B.json"; sourceTree = "<group>"; };
		15141E372A6488A60060E767 /* dolly v2 3b.json */ = {isa = PBXFileReference; fileEncoding = 4; lastKnownFileType = text.json; path = "dolly v2 3b.json"; sourceTree = "<group>"; };
		15141E382A6488A60060E767 /* orca mini 3b.json */ = {isa = PBXFileReference; fileEncoding = 4; lastKnownFileType = text.json; path = "orca mini 3b.json"; sourceTree = "<group>"; };
		15141E392A6488A60060E767 /* openllama 3b.json */ = {isa = PBXFileReference; fileEncoding = 4; lastKnownFileType = text.json; path = "openllama 3b.json"; sourceTree = "<group>"; };
		15141E3A2A6488A60060E767 /* rp-incite-base-v1-3b.json */ = {isa = PBXFileReference; fileEncoding = 4; lastKnownFileType = text.json; path = "rp-incite-base-v1-3b.json"; sourceTree = "<group>"; };
		15141E3B2A6488A60060E767 /* santacoder.json */ = {isa = PBXFileReference; fileEncoding = 4; lastKnownFileType = text.json; path = santacoder.json; sourceTree = "<group>"; };
		15141E3C2A6488A60060E767 /* saiga 7B.json */ = {isa = PBXFileReference; fileEncoding = 4; lastKnownFileType = text.json; path = "saiga 7B.json"; sourceTree = "<group>"; };
		15141E3D2A6488A60060E767 /* cerebras 2.7b.json */ = {isa = PBXFileReference; fileEncoding = 4; lastKnownFileType = text.json; path = "cerebras 2.7b.json"; sourceTree = "<group>"; };
		15141E3F2A6488A70060E767 /* stablelm-tuned-alpha-3b.json */ = {isa = PBXFileReference; fileEncoding = 4; lastKnownFileType = text.json; path = "stablelm-tuned-alpha-3b.json"; sourceTree = "<group>"; };
		15141E402A6488A70060E767 /* AI Dungeon 2 Classic.json */ = {isa = PBXFileReference; fileEncoding = 4; lastKnownFileType = text.json; path = "AI Dungeon 2 Classic.json"; sourceTree = "<group>"; };
		15141E5B2A651F8C0060E767 /* model_setting_templates */ = {isa = PBXFileReference; lastKnownFileType = folder; name = model_setting_templates; path = LLMFarm/model_setting_templates; sourceTree = "<group>"; };
		15141E702A65799D0060E767 /* ModelSettingsTemplate.swift */ = {isa = PBXFileReference; lastKnownFileType = sourcecode.swift; path = ModelSettingsTemplate.swift; sourceTree = "<group>"; };
		155FBB9E2A460566004DD5AE /* GPTBase.swift */ = {isa = PBXFileReference; lastKnownFileType = sourcecode.swift; path = GPTBase.swift; sourceTree = "<group>"; };
		155FBBA12A48B5C0004DD5AE /* Replit.swift */ = {isa = PBXFileReference; lastKnownFileType = sourcecode.swift; path = Replit.swift; sourceTree = "<group>"; };
		1560D6162A2D1A3D00918330 /* AddChatView.swift */ = {isa = PBXFileReference; lastKnownFileType = sourcecode.swift; path = AddChatView.swift; sourceTree = "<group>"; };
		1560D61B2A2E11E200918330 /* ExceptionCatcher.h */ = {isa = PBXFileReference; lastKnownFileType = sourcecode.c.h; path = ExceptionCatcher.h; sourceTree = "<group>"; };
		156713882A5B12A6002BE054 /* ggml-metal.metal */ = {isa = PBXFileReference; lastKnownFileType = sourcecode.metal; path = "ggml-metal.metal"; sourceTree = "<group>"; };
		156A48CF2A52B55B007DF519 /* SplitViews.swift */ = {isa = PBXFileReference; lastKnownFileType = sourcecode.swift; path = SplitViews.swift; sourceTree = "<group>"; };
		156A48D12A52B65C007DF519 /* Orientation_helper.swift */ = {isa = PBXFileReference; lastKnownFileType = sourcecode.swift; path = Orientation_helper.swift; sourceTree = "<group>"; };
		159650EE2A49F8400007BE5C /* MetalKit.framework */ = {isa = PBXFileReference; lastKnownFileType = wrapper.framework; name = MetalKit.framework; path = System/Library/Frameworks/MetalKit.framework; sourceTree = SDKROOT; };
		159650EF2A49F8400007BE5C /* MetalPerformanceShaders.framework */ = {isa = PBXFileReference; lastKnownFileType = wrapper.framework; name = MetalPerformanceShaders.framework; path = System/Library/Frameworks/MetalPerformanceShaders.framework; sourceTree = SDKROOT; };
		159650F02A49F8400007BE5C /* Metal.framework */ = {isa = PBXFileReference; lastKnownFileType = wrapper.framework; name = Metal.framework; path = System/Library/Frameworks/Metal.framework; sourceTree = SDKROOT; };
		15A3EDBB2A2121C70030AF5A /* ContentView.swift */ = {isa = PBXFileReference; fileEncoding = 4; lastKnownFileType = sourcecode.swift; path = ContentView.swift; sourceTree = "<group>"; };
		15A3EDBE2A2121D90030AF5A /* SettingsView.swift */ = {isa = PBXFileReference; fileEncoding = 4; lastKnownFileType = sourcecode.swift; path = SettingsView.swift; sourceTree = "<group>"; };
		15A3EDBF2A2121D90030AF5A /* SettingsItem.swift */ = {isa = PBXFileReference; fileEncoding = 4; lastKnownFileType = sourcecode.swift; path = SettingsItem.swift; sourceTree = "<group>"; };
		15A3EDC02A2121D90030AF5A /* SettingsHeaderItem.swift */ = {isa = PBXFileReference; fileEncoding = 4; lastKnownFileType = sourcecode.swift; path = SettingsHeaderItem.swift; sourceTree = "<group>"; };
		15A3EDC22A2121D90030AF5A /* ModelsView.swift */ = {isa = PBXFileReference; fileEncoding = 4; lastKnownFileType = sourcecode.swift; path = ModelsView.swift; sourceTree = "<group>"; };
		15A3EDC32A2121D90030AF5A /* ContactItem.swift */ = {isa = PBXFileReference; fileEncoding = 4; lastKnownFileType = sourcecode.swift; path = ContactItem.swift; sourceTree = "<group>"; };
		15A3EDC52A2121D90030AF5A /* ChatListView.swift */ = {isa = PBXFileReference; fileEncoding = 4; lastKnownFileType = sourcecode.swift; path = ChatListView.swift; sourceTree = "<group>"; };
		15A3EDC62A2121D90030AF5A /* OnlineUserView.swift */ = {isa = PBXFileReference; fileEncoding = 4; lastKnownFileType = sourcecode.swift; path = OnlineUserView.swift; sourceTree = "<group>"; };
		15A3EDC72A2121D90030AF5A /* ChatItem.swift */ = {isa = PBXFileReference; fileEncoding = 4; lastKnownFileType = sourcecode.swift; path = ChatItem.swift; sourceTree = "<group>"; };
		15A3EDD02A21266D0030AF5A /* SearchView.swift */ = {isa = PBXFileReference; fileEncoding = 4; lastKnownFileType = sourcecode.swift; path = SearchView.swift; sourceTree = "<group>"; };
		15A3EDD22A223BDF0030AF5A /* llmfarm_core.swift */ = {isa = PBXFileReference; lastKnownFileType = wrapper; path = llmfarm_core.swift; sourceTree = "<group>"; };
		15A3EDD72A223CB00030AF5A /* Accelerate.framework */ = {isa = PBXFileReference; lastKnownFileType = wrapper.framework; name = Accelerate.framework; path = Platforms/iPhoneOS.platform/Developer/SDKs/iPhoneOS16.4.sdk/System/Library/Frameworks/Accelerate.framework; sourceTree = DEVELOPER_DIR; };
		15A47FFE2A40D2A300B72DC3 /* GPT2.swift */ = {isa = PBXFileReference; lastKnownFileType = sourcecode.swift; path = GPT2.swift; sourceTree = "<group>"; };
		15B9D73F2A4B55E800276782 /* MetalPerformanceShaders.framework */ = {isa = PBXFileReference; lastKnownFileType = wrapper.framework; name = MetalPerformanceShaders.framework; path = Platforms/iPhoneOS.platform/Developer/SDKs/iPhoneOS16.4.sdk/System/Library/Frameworks/MetalPerformanceShaders.framework; sourceTree = DEVELOPER_DIR; };
		15B9D7402A4B55E900276782 /* Metal.framework */ = {isa = PBXFileReference; lastKnownFileType = wrapper.framework; name = Metal.framework; path = Platforms/iPhoneOS.platform/Developer/SDKs/iPhoneOS16.4.sdk/System/Library/Frameworks/Metal.framework; sourceTree = DEVELOPER_DIR; };
		15B9D7412A4B55E900276782 /* MetalKit.framework */ = {isa = PBXFileReference; lastKnownFileType = wrapper.framework; name = MetalKit.framework; path = Platforms/iPhoneOS.platform/Developer/SDKs/iPhoneOS16.4.sdk/System/Library/Frameworks/MetalKit.framework; sourceTree = DEVELOPER_DIR; };
		15C00EEB2A6725000049246F /* metal */ = {isa = PBXFileReference; lastKnownFileType = folder; path = metal; sourceTree = "<group>"; };
		15E415D12A18A2970057A15E /* ModelTest */ = {isa = PBXFileReference; explicitFileType = "compiled.mach-o.executable"; includeInIndex = 0; path = ModelTest; sourceTree = BUILT_PRODUCTS_DIR; };
		15E415D32A18A2980057A15E /* main.swift */ = {isa = PBXFileReference; lastKnownFileType = sourcecode.swift; path = main.swift; sourceTree = "<group>"; };
		15F210142A190CF80021F414 /* Math.swift */ = {isa = PBXFileReference; fileEncoding = 4; lastKnownFileType = sourcecode.swift; path = Math.swift; sourceTree = "<group>"; };
		15F210152A190CF80021F414 /* Utils.swift */ = {isa = PBXFileReference; fileEncoding = 4; lastKnownFileType = sourcecode.swift; path = Utils.swift; sourceTree = "<group>"; };
		15F210162A190CF80021F414 /* ComputeGraph.swift */ = {isa = PBXFileReference; fileEncoding = 4; lastKnownFileType = sourcecode.swift; path = ComputeGraph.swift; sourceTree = "<group>"; };
		15F210502A1919390021F414 /* LLaMa.swift */ = {isa = PBXFileReference; fileEncoding = 4; lastKnownFileType = sourcecode.swift; path = LLaMa.swift; sourceTree = "<group>"; };
		15F210512A1919390021F414 /* ArrayExt.swift */ = {isa = PBXFileReference; fileEncoding = 4; lastKnownFileType = sourcecode.swift; path = ArrayExt.swift; sourceTree = "<group>"; };
		15F210522A1919390021F414 /* Model.swift */ = {isa = PBXFileReference; fileEncoding = 4; lastKnownFileType = sourcecode.swift; path = Model.swift; sourceTree = "<group>"; };
		15F210532A1919390021F414 /* StringExt.swift */ = {isa = PBXFileReference; fileEncoding = 4; lastKnownFileType = sourcecode.swift; path = StringExt.swift; sourceTree = "<group>"; };
		15F210552A1919390021F414 /* AI.swift */ = {isa = PBXFileReference; fileEncoding = 4; lastKnownFileType = sourcecode.swift; path = AI.swift; sourceTree = "<group>"; };
		15F210562A1919390021F414 /* Tasker.swift */ = {isa = PBXFileReference; fileEncoding = 4; lastKnownFileType = sourcecode.swift; path = Tasker.swift; sourceTree = "<group>"; };
		15F2107E2A191B190021F414 /* LLMFarm.app */ = {isa = PBXFileReference; explicitFileType = wrapper.application; includeInIndex = 0; path = LLMFarm.app; sourceTree = BUILT_PRODUCTS_DIR; };
		15F210802A191B190021F414 /* LLMFarmApp.swift */ = {isa = PBXFileReference; lastKnownFileType = sourcecode.swift; path = LLMFarmApp.swift; sourceTree = "<group>"; };
		15F210842A191B1B0021F414 /* Assets.xcassets */ = {isa = PBXFileReference; lastKnownFileType = folder.assetcatalog; path = Assets.xcassets; sourceTree = "<group>"; };
		15F210862A191B1B0021F414 /* LLMFarm.entitlements */ = {isa = PBXFileReference; lastKnownFileType = text.plist.entitlements; path = LLMFarm.entitlements; sourceTree = "<group>"; };
		15F210882A191B1B0021F414 /* Preview Assets.xcassets */ = {isa = PBXFileReference; lastKnownFileType = folder.assetcatalog; path = "Preview Assets.xcassets"; sourceTree = "<group>"; };
		15F2108D2A191EE60021F414 /* ChatView.swift */ = {isa = PBXFileReference; fileEncoding = 4; lastKnownFileType = sourcecode.swift; path = ChatView.swift; sourceTree = "<group>"; };
		15F2108F2A1920AA0021F414 /* MessageView.swift */ = {isa = PBXFileReference; fileEncoding = 4; lastKnownFileType = sourcecode.swift; path = MessageView.swift; sourceTree = "<group>"; };
		15F210902A1920AA0021F414 /* Message.swift */ = {isa = PBXFileReference; fileEncoding = 4; lastKnownFileType = sourcecode.swift; path = Message.swift; sourceTree = "<group>"; };
		15F210922A1920AA0021F414 /* AIChatModel.swift */ = {isa = PBXFileReference; fileEncoding = 4; lastKnownFileType = sourcecode.swift; path = AIChatModel.swift; sourceTree = "<group>"; };
		15F210A92A1A659B0021F414 /* FileHelper.swift */ = {isa = PBXFileReference; lastKnownFileType = sourcecode.swift; path = FileHelper.swift; sourceTree = "<group>"; };
		15F210AB2A1A7B790021F414 /* Info.plist */ = {isa = PBXFileReference; lastKnownFileType = text.plist; path = Info.plist; sourceTree = "<group>"; };
		15F210AC2A1A8B7A0021F414 /* LLMUser.swift */ = {isa = PBXFileReference; lastKnownFileType = sourcecode.swift; path = LLMUser.swift; sourceTree = "<group>"; };
		15F21BCF2A7A818100CCC837 /* RWKV.swift */ = {isa = PBXFileReference; fileEncoding = 4; lastKnownFileType = sourcecode.swift; path = RWKV.swift; sourceTree = "<group>"; };
		15F21BD72A7A939800CCC837 /* Tokenizer.swift */ = {isa = PBXFileReference; fileEncoding = 4; lastKnownFileType = sourcecode.swift; path = Tokenizer.swift; sourceTree = "<group>"; };
		15F21BDA2A7A93A100CCC837 /* TokenizerConfig.swift */ = {isa = PBXFileReference; fileEncoding = 4; lastKnownFileType = sourcecode.swift; path = TokenizerConfig.swift; sourceTree = "<group>"; };
		15F21BDD2A7A93A800CCC837 /* ByteEncoder.swift */ = {isa = PBXFileReference; fileEncoding = 4; lastKnownFileType = sourcecode.swift; path = ByteEncoder.swift; sourceTree = "<group>"; };
		15F21BE02A7A93AE00CCC837 /* TokenizeUtils.swift */ = {isa = PBXFileReference; fileEncoding = 4; lastKnownFileType = sourcecode.swift; path = TokenizeUtils.swift; sourceTree = "<group>"; };
		E61E38F329B1F0BA00114C15 /* Accelerate.framework */ = {isa = PBXFileReference; lastKnownFileType = wrapper.framework; name = Accelerate.framework; path = System/Library/Frameworks/Accelerate.framework; sourceTree = SDKROOT; };
		E61E38F529B1F12E00114C15 /* Cocoa.framework */ = {isa = PBXFileReference; lastKnownFileType = wrapper.framework; name = Cocoa.framework; path = System/Library/Frameworks/Cocoa.framework; sourceTree = SDKROOT; };
		E624E2102958F21E00996CD1 /* Info.plist */ = {isa = PBXFileReference; lastKnownFileType = text.plist.xml; path = Info.plist; sourceTree = "<group>"; };
/* End PBXFileReference section */

/* Begin PBXFrameworksBuildPhase section */
		15E415CE2A18A2970057A15E /* Frameworks */ = {
			isa = PBXFrameworksBuildPhase;
			buildActionMask = 2147483647;
			files = (
				159650F12A49F8400007BE5C /* MetalKit.framework in Frameworks */,
				159650F22A49F8400007BE5C /* MetalPerformanceShaders.framework in Frameworks */,
				159650F32A49F8400007BE5C /* Metal.framework in Frameworks */,
				159650ED2A49F8280007BE5C /* Accelerate.framework in Frameworks */,
				15A3EDD62A223C9E0030AF5A /* llmfarm_core in Frameworks */,
			);
			runOnlyForDeploymentPostprocessing = 0;
		};
		15F2107B2A191B190021F414 /* Frameworks */ = {
			isa = PBXFrameworksBuildPhase;
			buildActionMask = 2147483647;
			files = (
				15A3EDD82A223CB00030AF5A /* Accelerate.framework in Frameworks */,
				15B9D7422A4B55EA00276782 /* MetalPerformanceShaders.framework in Frameworks */,
				15B9D7432A4B55EA00276782 /* Metal.framework in Frameworks */,
				15B9D7442A4B55EA00276782 /* MetalKit.framework in Frameworks */,
				15A3EDDA2A223CDB0030AF5A /* llmfarm_core in Frameworks */,
			);
			runOnlyForDeploymentPostprocessing = 0;
		};
/* End PBXFrameworksBuildPhase section */

/* Begin PBXGroup section */
		15141E332A64875F0060E767 /* model_setting_templates */ = {
			isa = PBXGroup;
			children = (
				15141E402A6488A70060E767 /* AI Dungeon 2 Classic.json */,
				15141E3D2A6488A60060E767 /* cerebras 2.7b.json */,
				15141E372A6488A60060E767 /* dolly v2 3b.json */,
				15141E392A6488A60060E767 /* openllama 3b.json */,
				15141E382A6488A60060E767 /* orca mini 3b.json */,
				15141E362A6488A60060E767 /* Replit 3B.json */,
				15141E3A2A6488A60060E767 /* rp-incite-base-v1-3b.json */,
				15141E3C2A6488A60060E767 /* saiga 7B.json */,
				15141E3B2A6488A60060E767 /* santacoder.json */,
				15141E3F2A6488A70060E767 /* stablelm-tuned-alpha-3b.json */,
			);
			path = model_setting_templates;
			sourceTree = "<group>";
		};
		1567138A2A5B13C4002BE054 /* metal */ = {
			isa = PBXGroup;
			children = (
				156713882A5B12A6002BE054 /* ggml-metal.metal */,
			);
			path = metal;
			sourceTree = "<group>";
		};
		15A3EDBD2A2121D90030AF5A /* Settings */ = {
			isa = PBXGroup;
			children = (
				15A3EDBE2A2121D90030AF5A /* SettingsView.swift */,
				15A3EDBF2A2121D90030AF5A /* SettingsItem.swift */,
				15A3EDC02A2121D90030AF5A /* SettingsHeaderItem.swift */,
				1560D6162A2D1A3D00918330 /* AddChatView.swift */,
			);
			path = Settings;
			sourceTree = "<group>";
		};
		15A3EDC12A2121D90030AF5A /* Contacts */ = {
			isa = PBXGroup;
			children = (
				15A3EDC22A2121D90030AF5A /* ModelsView.swift */,
				15A3EDC32A2121D90030AF5A /* ContactItem.swift */,
			);
			path = Contacts;
			sourceTree = "<group>";
		};
		15A3EDC42A2121D90030AF5A /* Chats */ = {
			isa = PBXGroup;
			children = (
				15F2108D2A191EE60021F414 /* ChatView.swift */,
				15A3EDC52A2121D90030AF5A /* ChatListView.swift */,
				15A3EDC62A2121D90030AF5A /* OnlineUserView.swift */,
				15A3EDC72A2121D90030AF5A /* ChatItem.swift */,
				156A48CF2A52B55B007DF519 /* SplitViews.swift */,
			);
			path = Chats;
			sourceTree = "<group>";
		};
		15E415D22A18A2980057A15E /* ModelTest */ = {
			isa = PBXGroup;
			children = (
				15E415D32A18A2980057A15E /* main.swift */,
			);
			path = ModelTest;
			sourceTree = "<group>";
		};
		15F210112A190CD80021F414 /* LLMFarm_core */ = {
			isa = PBXGroup;
			children = (
				1560D61B2A2E11E200918330 /* ExceptionCatcher.h */,
				15F21BCF2A7A818100CCC837 /* RWKV.swift */,
				15F21BDA2A7A93A100CCC837 /* TokenizerConfig.swift */,
				15F21BE02A7A93AE00CCC837 /* TokenizeUtils.swift */,
				15F21BDD2A7A93A800CCC837 /* ByteEncoder.swift */,
				15F21BD72A7A939800CCC837 /* Tokenizer.swift */,
				15F210552A1919390021F414 /* AI.swift */,
				15F210512A1919390021F414 /* ArrayExt.swift */,
				15141E152A6438AE0060E767 /* Starcoder.swift */,
				150CAD002A3CE7B30015CD66 /* GPTNeox.swift */,
				155FBB9E2A460566004DD5AE /* GPTBase.swift */,
				15F210502A1919390021F414 /* LLaMa.swift */,
				15F210522A1919390021F414 /* Model.swift */,
				15F210532A1919390021F414 /* StringExt.swift */,
				15F210562A1919390021F414 /* Tasker.swift */,
				15F210132A190CF80021F414 /* Math */,
				15A47FFE2A40D2A300B72DC3 /* GPT2.swift */,
				155FBBA12A48B5C0004DD5AE /* Replit.swift */,
			);
			path = LLMFarm_core;
			sourceTree = "<group>";
		};
		15F210132A190CF80021F414 /* Math */ = {
			isa = PBXGroup;
			children = (
				15F210142A190CF80021F414 /* Math.swift */,
				15F210152A190CF80021F414 /* Utils.swift */,
				15F210162A190CF80021F414 /* ComputeGraph.swift */,
			);
			path = Math;
			sourceTree = "<group>";
		};
		15F2107F2A191B190021F414 /* LLMFarm */ = {
			isa = PBXGroup;
			children = (
				15141E332A64875F0060E767 /* model_setting_templates */,
				15A3EDC42A2121D90030AF5A /* Chats */,
				15A3EDC12A2121D90030AF5A /* Contacts */,
				15A3EDBD2A2121D90030AF5A /* Settings */,
				15F210AB2A1A7B790021F414 /* Info.plist */,
				15F210922A1920AA0021F414 /* AIChatModel.swift */,
				15F210902A1920AA0021F414 /* Message.swift */,
				15F2108F2A1920AA0021F414 /* MessageView.swift */,
				15F210AC2A1A8B7A0021F414 /* LLMUser.swift */,
				15F210802A191B190021F414 /* LLMFarmApp.swift */,
				15F210842A191B1B0021F414 /* Assets.xcassets */,
				15F210862A191B1B0021F414 /* LLMFarm.entitlements */,
				15F210872A191B1B0021F414 /* Preview Content */,
				15F210A92A1A659B0021F414 /* FileHelper.swift */,
				15A3EDBB2A2121C70030AF5A /* ContentView.swift */,
				15A3EDD02A21266D0030AF5A /* SearchView.swift */,
				156A48D12A52B65C007DF519 /* Orientation_helper.swift */,
				15141E702A65799D0060E767 /* ModelSettingsTemplate.swift */,
			);
			path = LLMFarm;
			sourceTree = "<group>";
		};
		15F210872A191B1B0021F414 /* Preview Content */ = {
			isa = PBXGroup;
			children = (
				15F210882A191B1B0021F414 /* Preview Assets.xcassets */,
			);
			path = "Preview Content";
			sourceTree = "<group>";
		};
		E6024EC229EA7BEB001FE9B0 /* Packages */ = {
			isa = PBXGroup;
			children = (
				15A3EDD22A223BDF0030AF5A /* llmfarm_core.swift */,
				15F210112A190CD80021F414 /* LLMFarm_core */,
			);
			name = Packages;
			sourceTree = "<group>";
		};
		E624E1F52958ECC800996CD1 = {
			isa = PBXGroup;
			children = (
				15C00EEB2A6725000049246F /* metal */,
				15141E5B2A651F8C0060E767 /* model_setting_templates */,
				1567138A2A5B13C4002BE054 /* metal */,
				E6024EC229EA7BEB001FE9B0 /* Packages */,
				E624E2102958F21E00996CD1 /* Info.plist */,
				15E415D22A18A2980057A15E /* ModelTest */,
				15F2107F2A191B190021F414 /* LLMFarm */,
				E624E1FF2958ECC800996CD1 /* Products */,
				E624E259295902A100996CD1 /* Frameworks */,
			);
			sourceTree = "<group>";
		};
		E624E1FF2958ECC800996CD1 /* Products */ = {
			isa = PBXGroup;
			children = (
				15E415D12A18A2970057A15E /* ModelTest */,
				15F2107E2A191B190021F414 /* LLMFarm.app */,
			);
			name = Products;
			sourceTree = "<group>";
		};
		E624E259295902A100996CD1 /* Frameworks */ = {
			isa = PBXGroup;
			children = (
				159650F02A49F8400007BE5C /* Metal.framework */,
				159650EE2A49F8400007BE5C /* MetalKit.framework */,
				15B9D7402A4B55E900276782 /* Metal.framework */,
				15B9D7412A4B55E900276782 /* MetalKit.framework */,
				159650EF2A49F8400007BE5C /* MetalPerformanceShaders.framework */,
				15B9D73F2A4B55E800276782 /* MetalPerformanceShaders.framework */,
				15A3EDD72A223CB00030AF5A /* Accelerate.framework */,
				E61E38F529B1F12E00114C15 /* Cocoa.framework */,
				E61E38F329B1F0BA00114C15 /* Accelerate.framework */,
			);
			name = Frameworks;
			sourceTree = "<group>";
		};
/* End PBXGroup section */

/* Begin PBXNativeTarget section */
		15E415D02A18A2970057A15E /* ModelTest */ = {
			isa = PBXNativeTarget;
			buildConfigurationList = 15E415D52A18A2980057A15E /* Build configuration list for PBXNativeTarget "ModelTest" */;
			buildPhases = (
				15E415CD2A18A2970057A15E /* Sources */,
				15E415CE2A18A2970057A15E /* Frameworks */,
				15E415CF2A18A2970057A15E /* CopyFiles */,
			);
			buildRules = (
			);
			dependencies = (
			);
			name = ModelTest;
			packageProductDependencies = (
				15A3EDD52A223C9E0030AF5A /* llmfarm_core */,
			);
			productName = ModelTest;
			productReference = 15E415D12A18A2970057A15E /* ModelTest */;
			productType = "com.apple.product-type.tool";
		};
		15F2107D2A191B190021F414 /* LLMFarm */ = {
			isa = PBXNativeTarget;
			buildConfigurationList = 15F2108A2A191B1B0021F414 /* Build configuration list for PBXNativeTarget "LLMFarm" */;
			buildPhases = (
				15F2107A2A191B190021F414 /* Sources */,
				15F2107B2A191B190021F414 /* Frameworks */,
				15F2107C2A191B190021F414 /* Resources */,
				15141E6B2A6577160060E767 /* Embed Frameworks */,
			);
			buildRules = (
			);
			dependencies = (
				1560D6152A237D4100918330 /* PBXTargetDependency */,
			);
			name = LLMFarm;
			packageProductDependencies = (
				15A3EDD92A223CDB0030AF5A /* llmfarm_core */,
			);
			productName = LLMFarm;
			productReference = 15F2107E2A191B190021F414 /* LLMFarm.app */;
			productType = "com.apple.product-type.application";
		};
/* End PBXNativeTarget section */

/* Begin PBXProject section */
		E624E1F62958ECC800996CD1 /* Project object */ = {
			isa = PBXProject;
			attributes = {
				BuildIndependentTargetsInParallel = 1;
				LastSwiftUpdateCheck = 1430;
				LastUpgradeCheck = 1420;
				TargetAttributes = {
					15E415D02A18A2970057A15E = {
						CreatedOnToolsVersion = 14.2;
					};
					15F2107D2A191B190021F414 = {
						CreatedOnToolsVersion = 14.3;
					};
				};
			};
			buildConfigurationList = E624E1F92958ECC800996CD1 /* Build configuration list for PBXProject "LLMFarm" */;
			compatibilityVersion = "Xcode 13.0";
			developmentRegion = en;
			hasScannedForEncodings = 0;
			knownRegions = (
				en,
				Base,
			);
			mainGroup = E624E1F52958ECC800996CD1;
			packageReferences = (
				15F21BD22A7A910500CCC837 /* XCRemoteSwiftPackageReference "SwiftTokenizer" */,
			);
			productRefGroup = E624E1FF2958ECC800996CD1 /* Products */;
			projectDirPath = "";
			projectRoot = "";
			targets = (
				15E415D02A18A2970057A15E /* ModelTest */,
				15F2107D2A191B190021F414 /* LLMFarm */,
			);
		};
/* End PBXProject section */

/* Begin PBXResourcesBuildPhase section */
		15F2107C2A191B190021F414 /* Resources */ = {
			isa = PBXResourcesBuildPhase;
			buildActionMask = 2147483647;
			files = (
				15C00EEC2A6725010049246F /* metal in Resources */,
				15141E5C2A651F8C0060E767 /* model_setting_templates in Resources */,
				15F210892A191B1B0021F414 /* Preview Assets.xcassets in Resources */,
				15F210852A191B1B0021F414 /* Assets.xcassets in Resources */,
			);
			runOnlyForDeploymentPostprocessing = 0;
		};
/* End PBXResourcesBuildPhase section */

/* Begin PBXSourcesBuildPhase section */
		15E415CD2A18A2970057A15E /* Sources */ = {
			isa = PBXSourcesBuildPhase;
			buildActionMask = 2147483647;
			files = (
				15141E162A6438AE0060E767 /* Starcoder.swift in Sources */,
				15F2102C2A190D5B0021F414 /* Math.swift in Sources */,
				155FBBA22A48B5C1004DD5AE /* Replit.swift in Sources */,
				15F210642A19193A0021F414 /* AI.swift in Sources */,
				15A47FFF2A40D2A300B72DC3 /* GPT2.swift in Sources */,
				150CAD012A3CE7B30015CD66 /* GPTNeox.swift in Sources */,
				15F2102D2A190D5B0021F414 /* Utils.swift in Sources */,
				15F21BDB2A7A93A100CCC837 /* TokenizerConfig.swift in Sources */,
				15F2105A2A19193A0021F414 /* LLaMa.swift in Sources */,
				15F21BDE2A7A93A800CCC837 /* ByteEncoder.swift in Sources */,
				15F210602A19193A0021F414 /* StringExt.swift in Sources */,
				155FBB9F2A460566004DD5AE /* GPTBase.swift in Sources */,
				15F2102E2A190D5B0021F414 /* ComputeGraph.swift in Sources */,
				15F2105C2A19193A0021F414 /* ArrayExt.swift in Sources */,
				15F21BD82A7A939800CCC837 /* Tokenizer.swift in Sources */,
				15F21BE12A7A93AE00CCC837 /* TokenizeUtils.swift in Sources */,
				15E415D42A18A2980057A15E /* main.swift in Sources */,
				15F210662A19193A0021F414 /* Tasker.swift in Sources */,
				15F2105E2A19193A0021F414 /* Model.swift in Sources */,
				15F21BD02A7A818100CCC837 /* RWKV.swift in Sources */,
			);
			runOnlyForDeploymentPostprocessing = 0;
		};
		15F2107A2A191B190021F414 /* Sources */ = {
			isa = PBXSourcesBuildPhase;
			buildActionMask = 2147483647;
			files = (
				1560D61C2A2E142900918330 /* ExceptionCatcher.h in Sources */,
				15F210AD2A1A8B7A0021F414 /* LLMUser.swift in Sources */,
				15F2109B2A1921E40021F414 /* AI.swift in Sources */,
				15A3EDCF2A2121D90030AF5A /* ChatItem.swift in Sources */,
				15A3EDCC2A2121D90030AF5A /* ContactItem.swift in Sources */,
				156A48D02A52B55B007DF519 /* SplitViews.swift in Sources */,
				155FBBA32A48B5C1004DD5AE /* Replit.swift in Sources */,
				15F21BD12A7A818100CCC837 /* RWKV.swift in Sources */,
				15F2109C2A1921E40021F414 /* ArrayExt.swift in Sources */,
				15A3EDCD2A2121D90030AF5A /* ChatListView.swift in Sources */,
				15F2109E2A1921E40021F414 /* LLaMa.swift in Sources */,
				15F210A02A1921E40021F414 /* Model.swift in Sources */,
				15F210A12A1921E40021F414 /* StringExt.swift in Sources */,
				15F210A22A1921E40021F414 /* Tasker.swift in Sources */,
				156A48D22A52B65C007DF519 /* Orientation_helper.swift in Sources */,
				15F21BE22A7A93AE00CCC837 /* TokenizeUtils.swift in Sources */,
				15F210A32A1921E40021F414 /* Math.swift in Sources */,
				155FBBA02A460566004DD5AE /* GPTBase.swift in Sources */,
				15A3EDCB2A2121D90030AF5A /* ModelsView.swift in Sources */,
				15141E712A65799D0060E767 /* ModelSettingsTemplate.swift in Sources */,
				15A3EDC92A2121D90030AF5A /* SettingsItem.swift in Sources */,
				15F210A42A1921E40021F414 /* Utils.swift in Sources */,
				15F21BD92A7A939800CCC837 /* Tokenizer.swift in Sources */,
				15A480002A40D2A300B72DC3 /* GPT2.swift in Sources */,
				15F210A52A1921E40021F414 /* ComputeGraph.swift in Sources */,
				15F21BDF2A7A93A800CCC837 /* ByteEncoder.swift in Sources */,
				15141E172A6438AE0060E767 /* Starcoder.swift in Sources */,
				15F21BDC2A7A93A100CCC837 /* TokenizerConfig.swift in Sources */,
				1560D6172A2D1A3D00918330 /* AddChatView.swift in Sources */,
				15F210962A1920AA0021F414 /* AIChatModel.swift in Sources */,
				15F210AA2A1A659B0021F414 /* FileHelper.swift in Sources */,
				15F210932A1920AA0021F414 /* MessageView.swift in Sources */,
				15A3EDD12A21266E0030AF5A /* SearchView.swift in Sources */,
				15F210942A1920AA0021F414 /* Message.swift in Sources */,
				15F2108E2A191EE60021F414 /* ChatView.swift in Sources */,
				150CAD022A3CE7B30015CD66 /* GPTNeox.swift in Sources */,
				15F210812A191B190021F414 /* LLMFarmApp.swift in Sources */,
				15A3EDC82A2121D90030AF5A /* SettingsView.swift in Sources */,
				15A3EDCE2A2121D90030AF5A /* OnlineUserView.swift in Sources */,
				15A3EDCA2A2121D90030AF5A /* SettingsHeaderItem.swift in Sources */,
			);
			runOnlyForDeploymentPostprocessing = 0;
		};
/* End PBXSourcesBuildPhase section */

/* Begin PBXTargetDependency section */
		1560D6152A237D4100918330 /* PBXTargetDependency */ = {
			isa = PBXTargetDependency;
			productRef = 1560D6142A237D4100918330 /* llmfarm_core */;
		};
/* End PBXTargetDependency section */

/* Begin XCBuildConfiguration section */
		15E415D62A18A2980057A15E /* Debug */ = {
			isa = XCBuildConfiguration;
			buildSettings = {
				CLANG_CXX_LANGUAGE_STANDARD = "gnu++20";
				CODE_SIGN_STYLE = Automatic;
				DEVELOPMENT_TEAM = C66ZA422A7;
				ENABLE_HARDENED_RUNTIME = YES;
				MACOSX_DEPLOYMENT_TARGET = 13.1;
				PRODUCT_NAME = "$(TARGET_NAME)";
				SWIFT_VERSION = 5.0;
			};
			name = Debug;
		};
		15E415D72A18A2980057A15E /* Release */ = {
			isa = XCBuildConfiguration;
			buildSettings = {
				CLANG_CXX_LANGUAGE_STANDARD = "gnu++20";
				CODE_SIGN_STYLE = Automatic;
				DEVELOPMENT_TEAM = C66ZA422A7;
				ENABLE_HARDENED_RUNTIME = YES;
				MACOSX_DEPLOYMENT_TARGET = 13.1;
				PRODUCT_NAME = "$(TARGET_NAME)";
				SWIFT_VERSION = 5.0;
			};
			name = Release;
		};
		15F2108B2A191B1B0021F414 /* Debug */ = {
			isa = XCBuildConfiguration;
			buildSettings = {
				ASSETCATALOG_COMPILER_APPICON_NAME = AppIcon;
				ASSETCATALOG_COMPILER_GLOBAL_ACCENT_COLOR_NAME = AccentColor;
				ASSETCATALOG_COMPILER_INCLUDE_ALL_APPICON_ASSETS = NO;
				CLANG_CXX_LANGUAGE_STANDARD = "gnu++20";
				CODE_SIGN_ENTITLEMENTS = LLMFarm/LLMFarm.entitlements;
				CODE_SIGN_IDENTITY = "Apple Development";
				CODE_SIGN_STYLE = Automatic;
				CURRENT_PROJECT_VERSION = 15;
				DEVELOPMENT_ASSET_PATHS = "\"LLMFarm/Preview Content\"";
				DEVELOPMENT_TEAM = C66ZA422A7;
				ENABLE_HARDENED_RUNTIME = YES;
				ENABLE_PREVIEWS = NO;
				GENERATE_INFOPLIST_FILE = YES;
				INFOPLIST_FILE = LLMFarm/Info.plist;
				INFOPLIST_KEY_CFBundleDisplayName = "LLM Farm";
				INFOPLIST_KEY_LSApplicationCategoryType = "public.app-category.education";
				INFOPLIST_KEY_LSSupportsOpeningDocumentsInPlace = YES;
				"INFOPLIST_KEY_UIApplicationSceneManifest_Generation[sdk=iphoneos*]" = YES;
				"INFOPLIST_KEY_UIApplicationSceneManifest_Generation[sdk=iphonesimulator*]" = YES;
				"INFOPLIST_KEY_UIApplicationSupportsIndirectInputEvents[sdk=iphoneos*]" = YES;
				"INFOPLIST_KEY_UIApplicationSupportsIndirectInputEvents[sdk=iphonesimulator*]" = YES;
				"INFOPLIST_KEY_UILaunchScreen_Generation[sdk=iphoneos*]" = YES;
				"INFOPLIST_KEY_UILaunchScreen_Generation[sdk=iphonesimulator*]" = YES;
				"INFOPLIST_KEY_UIStatusBarStyle[sdk=iphoneos*]" = UIStatusBarStyleDefault;
				"INFOPLIST_KEY_UIStatusBarStyle[sdk=iphonesimulator*]" = UIStatusBarStyleDefault;
				INFOPLIST_KEY_UISupportedInterfaceOrientations_iPad = "UIInterfaceOrientationPortrait UIInterfaceOrientationPortraitUpsideDown UIInterfaceOrientationLandscapeLeft UIInterfaceOrientationLandscapeRight";
				INFOPLIST_KEY_UISupportedInterfaceOrientations_iPhone = "UIInterfaceOrientationPortrait UIInterfaceOrientationLandscapeLeft UIInterfaceOrientationLandscapeRight";
				IPHONEOS_DEPLOYMENT_TARGET = 16.0;
				LD_RUNPATH_SEARCH_PATHS = "@executable_path/Frameworks";
				"LD_RUNPATH_SEARCH_PATHS[sdk=macosx*]" = "@executable_path/../Frameworks";
				MACOSX_DEPLOYMENT_TARGET = 13.0;
				MARKETING_VERSION = 0.4.0;
				PRODUCT_BUNDLE_IDENTIFIER = com.guinmoon.LLMFarm;
				PRODUCT_NAME = "$(TARGET_NAME)";
				PROVISIONING_PROFILE_SPECIFIER = "";
				SDKROOT = auto;
				SUPPORTED_PLATFORMS = "iphoneos iphonesimulator macosx";
				SWIFT_EMIT_LOC_STRINGS = YES;
				SWIFT_OBJC_BRIDGING_HEADER = LLMFarm_core/ExceptionCatcher.h;
				SWIFT_VERSION = 5.0;
				TARGETED_DEVICE_FAMILY = "1,2";
			};
			name = Debug;
		};
		15F2108C2A191B1B0021F414 /* Release */ = {
			isa = XCBuildConfiguration;
			buildSettings = {
				ASSETCATALOG_COMPILER_APPICON_NAME = AppIcon;
				ASSETCATALOG_COMPILER_GLOBAL_ACCENT_COLOR_NAME = AccentColor;
				ASSETCATALOG_COMPILER_INCLUDE_ALL_APPICON_ASSETS = NO;
				CLANG_CXX_LANGUAGE_STANDARD = "gnu++20";
				CODE_SIGN_ENTITLEMENTS = LLMFarm/LLMFarm.entitlements;
				CODE_SIGN_IDENTITY = "Apple Development";
				CODE_SIGN_STYLE = Automatic;
				CURRENT_PROJECT_VERSION = 15;
				DEVELOPMENT_ASSET_PATHS = "\"LLMFarm/Preview Content\"";
				DEVELOPMENT_TEAM = C66ZA422A7;
				ENABLE_HARDENED_RUNTIME = YES;
				ENABLE_PREVIEWS = NO;
				GENERATE_INFOPLIST_FILE = YES;
				INFOPLIST_FILE = LLMFarm/Info.plist;
				INFOPLIST_KEY_CFBundleDisplayName = "LLM Farm";
				INFOPLIST_KEY_LSApplicationCategoryType = "public.app-category.education";
				INFOPLIST_KEY_LSSupportsOpeningDocumentsInPlace = YES;
				"INFOPLIST_KEY_UIApplicationSceneManifest_Generation[sdk=iphoneos*]" = YES;
				"INFOPLIST_KEY_UIApplicationSceneManifest_Generation[sdk=iphonesimulator*]" = YES;
				"INFOPLIST_KEY_UIApplicationSupportsIndirectInputEvents[sdk=iphoneos*]" = YES;
				"INFOPLIST_KEY_UIApplicationSupportsIndirectInputEvents[sdk=iphonesimulator*]" = YES;
				"INFOPLIST_KEY_UILaunchScreen_Generation[sdk=iphoneos*]" = YES;
				"INFOPLIST_KEY_UILaunchScreen_Generation[sdk=iphonesimulator*]" = YES;
				"INFOPLIST_KEY_UIStatusBarStyle[sdk=iphoneos*]" = UIStatusBarStyleDefault;
				"INFOPLIST_KEY_UIStatusBarStyle[sdk=iphonesimulator*]" = UIStatusBarStyleDefault;
				INFOPLIST_KEY_UISupportedInterfaceOrientations_iPad = "UIInterfaceOrientationPortrait UIInterfaceOrientationPortraitUpsideDown UIInterfaceOrientationLandscapeLeft UIInterfaceOrientationLandscapeRight";
				INFOPLIST_KEY_UISupportedInterfaceOrientations_iPhone = "UIInterfaceOrientationPortrait UIInterfaceOrientationLandscapeLeft UIInterfaceOrientationLandscapeRight";
				IPHONEOS_DEPLOYMENT_TARGET = 16.0;
				LD_RUNPATH_SEARCH_PATHS = "@executable_path/Frameworks";
				"LD_RUNPATH_SEARCH_PATHS[sdk=macosx*]" = "@executable_path/../Frameworks";
				MACOSX_DEPLOYMENT_TARGET = 13.0;
				MARKETING_VERSION = 0.4.0;
				PRODUCT_BUNDLE_IDENTIFIER = com.guinmoon.LLMFarm;
				PRODUCT_NAME = "$(TARGET_NAME)";
				PROVISIONING_PROFILE_SPECIFIER = "";
				SDKROOT = auto;
				SUPPORTED_PLATFORMS = "iphoneos iphonesimulator macosx";
				SWIFT_EMIT_LOC_STRINGS = YES;
				SWIFT_OBJC_BRIDGING_HEADER = LLMFarm_core/ExceptionCatcher.h;
				SWIFT_VERSION = 5.0;
				TARGETED_DEVICE_FAMILY = "1,2";
			};
			name = Release;
		};
		E624E20B2958ECC900996CD1 /* Debug */ = {
			isa = XCBuildConfiguration;
			buildSettings = {
				ALWAYS_SEARCH_USER_PATHS = NO;
				CLANG_ANALYZER_NONNULL = YES;
				CLANG_ANALYZER_NUMBER_OBJECT_CONVERSION = YES_AGGRESSIVE;
				CLANG_CXX_LANGUAGE_STANDARD = "gnu++17";
				CLANG_ENABLE_MODULES = YES;
				CLANG_ENABLE_OBJC_ARC = YES;
				CLANG_ENABLE_OBJC_WEAK = YES;
				CLANG_WARN_BLOCK_CAPTURE_AUTORELEASING = YES;
				CLANG_WARN_BOOL_CONVERSION = YES;
				CLANG_WARN_COMMA = YES;
				CLANG_WARN_CONSTANT_CONVERSION = YES;
				CLANG_WARN_DEPRECATED_OBJC_IMPLEMENTATIONS = YES;
				CLANG_WARN_DIRECT_OBJC_ISA_USAGE = YES_ERROR;
				CLANG_WARN_DOCUMENTATION_COMMENTS = YES;
				CLANG_WARN_EMPTY_BODY = YES;
				CLANG_WARN_ENUM_CONVERSION = YES;
				CLANG_WARN_INFINITE_RECURSION = YES;
				CLANG_WARN_INT_CONVERSION = YES;
				CLANG_WARN_NON_LITERAL_NULL_CONVERSION = YES;
				CLANG_WARN_OBJC_IMPLICIT_RETAIN_SELF = YES;
				CLANG_WARN_OBJC_LITERAL_CONVERSION = YES;
				CLANG_WARN_OBJC_ROOT_CLASS = YES_ERROR;
				CLANG_WARN_QUOTED_INCLUDE_IN_FRAMEWORK_HEADER = YES;
				CLANG_WARN_RANGE_LOOP_ANALYSIS = YES;
				CLANG_WARN_STRICT_PROTOTYPES = YES;
				CLANG_WARN_SUSPICIOUS_MOVE = YES;
				CLANG_WARN_UNGUARDED_AVAILABILITY = YES_AGGRESSIVE;
				CLANG_WARN_UNREACHABLE_CODE = YES;
				CLANG_WARN__DUPLICATE_METHOD_MATCH = YES;
				COPY_PHASE_STRIP = NO;
				DEAD_CODE_STRIPPING = YES;
				DEBUG_INFORMATION_FORMAT = dwarf;
				ENABLE_STRICT_OBJC_MSGSEND = YES;
				ENABLE_TESTABILITY = YES;
				GCC_C_LANGUAGE_STANDARD = gnu11;
				GCC_DYNAMIC_NO_PIC = NO;
				GCC_NO_COMMON_BLOCKS = YES;
				GCC_OPTIMIZATION_LEVEL = 0;
				GCC_PREPROCESSOR_DEFINITIONS = (
					"DEBUG=1",
					"$(inherited)",
				);
				GCC_WARN_64_TO_32_BIT_CONVERSION = YES;
				GCC_WARN_ABOUT_RETURN_TYPE = YES_ERROR;
				GCC_WARN_UNDECLARED_SELECTOR = YES;
				GCC_WARN_UNINITIALIZED_AUTOS = YES_AGGRESSIVE;
				GCC_WARN_UNUSED_FUNCTION = YES;
				GCC_WARN_UNUSED_VARIABLE = YES;
				IPHONEOS_DEPLOYMENT_TARGET = 16.0;
				MACOSX_DEPLOYMENT_TARGET = 13.0;
				MTL_ENABLE_DEBUG_INFO = INCLUDE_SOURCE;
				MTL_FAST_MATH = YES;
				ONLY_ACTIVE_ARCH = YES;
				SDKROOT = macosx;
				SWIFT_ACTIVE_COMPILATION_CONDITIONS = DEBUG;
				SWIFT_OPTIMIZATION_LEVEL = "-Onone";
			};
			name = Debug;
		};
		E624E20C2958ECC900996CD1 /* Release */ = {
			isa = XCBuildConfiguration;
			buildSettings = {
				ALWAYS_SEARCH_USER_PATHS = NO;
				CLANG_ANALYZER_NONNULL = YES;
				CLANG_ANALYZER_NUMBER_OBJECT_CONVERSION = YES_AGGRESSIVE;
				CLANG_CXX_LANGUAGE_STANDARD = "gnu++17";
				CLANG_ENABLE_MODULES = YES;
				CLANG_ENABLE_OBJC_ARC = YES;
				CLANG_ENABLE_OBJC_WEAK = YES;
				CLANG_WARN_BLOCK_CAPTURE_AUTORELEASING = YES;
				CLANG_WARN_BOOL_CONVERSION = YES;
				CLANG_WARN_COMMA = YES;
				CLANG_WARN_CONSTANT_CONVERSION = YES;
				CLANG_WARN_DEPRECATED_OBJC_IMPLEMENTATIONS = YES;
				CLANG_WARN_DIRECT_OBJC_ISA_USAGE = YES_ERROR;
				CLANG_WARN_DOCUMENTATION_COMMENTS = YES;
				CLANG_WARN_EMPTY_BODY = YES;
				CLANG_WARN_ENUM_CONVERSION = YES;
				CLANG_WARN_INFINITE_RECURSION = YES;
				CLANG_WARN_INT_CONVERSION = YES;
				CLANG_WARN_NON_LITERAL_NULL_CONVERSION = YES;
				CLANG_WARN_OBJC_IMPLICIT_RETAIN_SELF = YES;
				CLANG_WARN_OBJC_LITERAL_CONVERSION = YES;
				CLANG_WARN_OBJC_ROOT_CLASS = YES_ERROR;
				CLANG_WARN_QUOTED_INCLUDE_IN_FRAMEWORK_HEADER = YES;
				CLANG_WARN_RANGE_LOOP_ANALYSIS = YES;
				CLANG_WARN_STRICT_PROTOTYPES = YES;
				CLANG_WARN_SUSPICIOUS_MOVE = YES;
				CLANG_WARN_UNGUARDED_AVAILABILITY = YES_AGGRESSIVE;
				CLANG_WARN_UNREACHABLE_CODE = YES;
				CLANG_WARN__DUPLICATE_METHOD_MATCH = YES;
				COPY_PHASE_STRIP = NO;
				DEAD_CODE_STRIPPING = YES;
				DEBUG_INFORMATION_FORMAT = "dwarf-with-dsym";
				ENABLE_NS_ASSERTIONS = NO;
				ENABLE_STRICT_OBJC_MSGSEND = YES;
				GCC_C_LANGUAGE_STANDARD = gnu11;
				GCC_NO_COMMON_BLOCKS = YES;
				GCC_WARN_64_TO_32_BIT_CONVERSION = YES;
				GCC_WARN_ABOUT_RETURN_TYPE = YES_ERROR;
				GCC_WARN_UNDECLARED_SELECTOR = YES;
				GCC_WARN_UNINITIALIZED_AUTOS = YES_AGGRESSIVE;
				GCC_WARN_UNUSED_FUNCTION = YES;
				GCC_WARN_UNUSED_VARIABLE = YES;
				IPHONEOS_DEPLOYMENT_TARGET = 16.0;
				MACOSX_DEPLOYMENT_TARGET = 13.0;
				MTL_ENABLE_DEBUG_INFO = NO;
				MTL_FAST_MATH = YES;
				SDKROOT = macosx;
				SWIFT_COMPILATION_MODE = wholemodule;
				SWIFT_OPTIMIZATION_LEVEL = "-O";
			};
			name = Release;
		};
/* End XCBuildConfiguration section */

/* Begin XCConfigurationList section */
		15E415D52A18A2980057A15E /* Build configuration list for PBXNativeTarget "ModelTest" */ = {
			isa = XCConfigurationList;
			buildConfigurations = (
				15E415D62A18A2980057A15E /* Debug */,
				15E415D72A18A2980057A15E /* Release */,
			);
			defaultConfigurationIsVisible = 0;
			defaultConfigurationName = Release;
		};
		15F2108A2A191B1B0021F414 /* Build configuration list for PBXNativeTarget "LLMFarm" */ = {
			isa = XCConfigurationList;
			buildConfigurations = (
				15F2108B2A191B1B0021F414 /* Debug */,
				15F2108C2A191B1B0021F414 /* Release */,
			);
			defaultConfigurationIsVisible = 0;
			defaultConfigurationName = Release;
		};
		E624E1F92958ECC800996CD1 /* Build configuration list for PBXProject "LLMFarm" */ = {
			isa = XCConfigurationList;
			buildConfigurations = (
				E624E20B2958ECC900996CD1 /* Debug */,
				E624E20C2958ECC900996CD1 /* Release */,
			);
			defaultConfigurationIsVisible = 0;
			defaultConfigurationName = Release;
		};
/* End XCConfigurationList section */

/* Begin XCRemoteSwiftPackageReference section */
		15F21BD22A7A910500CCC837 /* XCRemoteSwiftPackageReference "SwiftTokenizer" */ = {
			isa = XCRemoteSwiftPackageReference;
			repositoryURL = "https://github.com/RayKitajima/SwiftTokenizer.git";
			requirement = {
				kind = upToNextMajorVersion;
				minimumVersion = 1.0.0;
			};
		};
/* End XCRemoteSwiftPackageReference section */

/* Begin XCSwiftPackageProductDependency section */
		1560D6142A237D4100918330 /* llmfarm_core */ = {
			isa = XCSwiftPackageProductDependency;
			productName = llmfarm_core;
		};
		15A3EDD52A223C9E0030AF5A /* llmfarm_core */ = {
			isa = XCSwiftPackageProductDependency;
			productName = llmfarm_core;
		};
		15A3EDD92A223CDB0030AF5A /* llmfarm_core */ = {
			isa = XCSwiftPackageProductDependency;
			productName = llmfarm_core;
		};
/* End XCSwiftPackageProductDependency section */
	};
	rootObject = E624E1F62958ECC800996CD1 /* Project object */;
}
